Microsoft Visual Studio Solution File, Format Version 12.00
# Visual Studio Version 17
Project("{9A19103F-16F7-4668-BE54-9A1E7A4F7556}") = "WidgetKit", "libs/WidgetKit/WidgetKit.csproj", "{A0000000-0000-4000-8000-000000000010}"
EndProject
Project("{9A19103F-16F7-4668-BE54-9A1E7A4F7556}") = "Upgrade.App", "src/Upgrade.App/Upgrade.App.csproj", "{A0000000-0000-4000-8000-000000000011}"
EndProject
Project("{9A19103F-16F7-4668-BE54-9A1E7A4F7556}") = "Upgrade.Tests", "tests/Upgrade.Tests/Upgrade.Tests.csproj", "{A0000000-0000-4000-8000-000000000012}"
EndProject
Global
	GlobalSection(SolutionConfigurationPlatforms) = preSolution
		Debug|Any CPU = Debug|Any CPU
	EndGlobalSection
	GlobalSection(ProjectConfigurationPlatforms) = postSolution
		{A0000000-0000-4000-8000-000000000010}.Debug|Any CPU.ActiveCfg = Debug|Any CPU
		{A0000000-0000-4000-8000-000000000010}.Debug|Any CPU.Build.0 = Debug|Any CPU
		{A0000000-0000-4000-8000-000000000011}.Debug|Any CPU.ActiveCfg = Debug|Any CPU
		{A0000000-0000-4000-8000-000000000011}.Debug|Any CPU.Build.0 = Debug|Any CPU
		{A0000000-0000-4000-8000-000000000012}.Debug|Any CPU.ActiveCfg = Debug|Any CPU
		{A0000000-0000-4000-8000-000000000012}.Debug|Any CPU.Build.0 = Debug|Any CPU
	EndGlobalSection
EndGlobal
